
Microsoft Visual Studio Solution File, Format Version 12.00
# Visual Studio 2013
VisualStudioVersion = 12.0.30501.0
MinimumVisualStudioVersion = 10.0.40219.1
Project("{FAE04EC0-301F-11D3-BF4B-00C04F79EFBC}") = "TheGameOfLife", "TheGameOfLife\TheGameOfLife.csproj", "{F497E48B-63B3-4C8F-954C-F6CDA9BE5266}"
EndProject
Global
	GlobalSection(SolutionConfigurationPlatforms) = preSolution
		Debug|Any CPU = Debug|Any CPU
		Release|Any CPU = Release|Any CPU
	EndGlobalSection
	GlobalSection(ProjectConfigurationPlatforms) = postSolution
		{F497E48B-63B3-4C8F-954C-F6CDA9BE5266}.Debug|Any CPU.ActiveCfg = Debug|Any CPU
		{F497E48B-63B3-4C8F-954C-F6CDA9BE5266}.Debug|Any CPU.Build.0 = Debug|Any CPU
		{F497E48B-63B3-4C8F-954C-F6CDA9BE5266}.Release|Any CPU.ActiveCfg = Release|Any CPU
		{F497E48B-63B3-4C8F-954C-F6CDA9BE5266}.Release|Any CPU.Build.0 = Release|Any CPU
	EndGlobalSection
	GlobalSection(SolutionProperties) = preSolution
		HideSolutionNode = FALSE
	EndGlobalSection
EndGlobal
